
Microsoft Visual Studio Solution File, Format Version 12.00
# Visual Studio 2013
VisualStudioVersion = 12.0.21005.1
MinimumVisualStudioVersion = 10.0.40219.1
Project("{FAE04EC0-301F-11D3-BF4B-00C04F79EFBC}") = "if-ove", "if-ove\if-ove.csproj", "{1B54B3E3-9B08-4EA1-8F04-C2C5A80F727D}"
EndProject
Global
	GlobalSection(SolutionConfigurationPlatforms) = preSolution
		Debug|Any CPU = Debug|Any CPU
		Release|Any CPU = Release|Any CPU
	EndGlobalSection
	GlobalSection(ProjectConfigurationPlatforms) = postSolution
		{1B54B3E3-9B08-4EA1-8F04-C2C5A80F727D}.Debug|Any CPU.ActiveCfg = Debug|Any CPU
		{1B54B3E3-9B08-4EA1-8F04-C2C5A80F727D}.Debug|Any CPU.Build.0 = Debug|Any CPU
		{1B54B3E3-9B08-4EA1-8F04-C2C5A80F727D}.Release|Any CPU.ActiveCfg = Release|Any CPU
		{1B54B3E3-9B08-4EA1-8F04-C2C5A80F727D}.Release|Any CPU.Build.0 = Release|Any CPU
	EndGlobalSection
	GlobalSection(SolutionProperties) = preSolution
		HideSolutionNode = FALSE
	EndGlobalSection
EndGlobal
