
Microsoft Visual Studio Solution File, Format Version 12.00
# Visual Studio 2013
VisualStudioVersion = 12.0.21005.1
MinimumVisualStudioVersion = 10.0.40219.1
Project("{FAE04EC0-301F-11D3-BF4B-00C04F79EFBC}") = "Bills", "Bills\Bills.csproj", "{F3419D8F-5B1C-480C-A5E6-3749BE34D9EF}"
EndProject
Global
	GlobalSection(SolutionConfigurationPlatforms) = preSolution
		Debug|Any CPU = Debug|Any CPU
		Release|Any CPU = Release|Any CPU
	EndGlobalSection
	GlobalSection(ProjectConfigurationPlatforms) = postSolution
		{F3419D8F-5B1C-480C-A5E6-3749BE34D9EF}.Debug|Any CPU.ActiveCfg = Debug|Any CPU
		{F3419D8F-5B1C-480C-A5E6-3749BE34D9EF}.Debug|Any CPU.Build.0 = Debug|Any CPU
		{F3419D8F-5B1C-480C-A5E6-3749BE34D9EF}.Release|Any CPU.ActiveCfg = Release|Any CPU
		{F3419D8F-5B1C-480C-A5E6-3749BE34D9EF}.Release|Any CPU.Build.0 = Release|Any CPU
	EndGlobalSection
	GlobalSection(SolutionProperties) = preSolution
		HideSolutionNode = FALSE
	EndGlobalSection
EndGlobal
