
Microsoft Visual Studio Solution File, Format Version 12.00
# Visual Studio 15
VisualStudioVersion = 15.0.27004.2002
MinimumVisualStudioVersion = 10.0.40219.1
Project("{FAE04EC0-301F-11D3-BF4B-00C04F79EFBC}") = "08.Mentor Group", "08.Mentor Group\08.Mentor Group.csproj", "{8B590454-E695-44E1-872D-CC63F54ED4AC}"
EndProject
Global
	GlobalSection(SolutionConfigurationPlatforms) = preSolution
		Debug|Any CPU = Debug|Any CPU
		Release|Any CPU = Release|Any CPU
	EndGlobalSection
	GlobalSection(ProjectConfigurationPlatforms) = postSolution
		{8B590454-E695-44E1-872D-CC63F54ED4AC}.Debug|Any CPU.ActiveCfg = Debug|Any CPU
		{8B590454-E695-44E1-872D-CC63F54ED4AC}.Debug|Any CPU.Build.0 = Debug|Any CPU
		{8B590454-E695-44E1-872D-CC63F54ED4AC}.Release|Any CPU.ActiveCfg = Release|Any CPU
		{8B590454-E695-44E1-872D-CC63F54ED4AC}.Release|Any CPU.Build.0 = Release|Any CPU
	EndGlobalSection
	GlobalSection(SolutionProperties) = preSolution
		HideSolutionNode = FALSE
	EndGlobalSection
	GlobalSection(ExtensibilityGlobals) = postSolution
		SolutionGuid = {28D6B54A-521C-4BE3-944D-8DC311BBE6F5}
	EndGlobalSection
EndGlobal
