
Microsoft Visual Studio Solution File, Format Version 12.00
# Visual Studio 15
VisualStudioVersion = 15.0.27004.2002
MinimumVisualStudioVersion = 10.0.40219.1
Project("{FAE04EC0-301F-11D3-BF4B-00C04F79EFBC}") = "04.Prime Bullshit", "04.Prime Bullshit\04.Prime Bullshit.csproj", "{8264D369-07CF-463C-A591-2D6360DDD3F1}"
EndProject
Global
	GlobalSection(SolutionConfigurationPlatforms) = preSolution
		Debug|Any CPU = Debug|Any CPU
		Release|Any CPU = Release|Any CPU
	EndGlobalSection
	GlobalSection(ProjectConfigurationPlatforms) = postSolution
		{8264D369-07CF-463C-A591-2D6360DDD3F1}.Debug|Any CPU.ActiveCfg = Debug|Any CPU
		{8264D369-07CF-463C-A591-2D6360DDD3F1}.Debug|Any CPU.Build.0 = Debug|Any CPU
		{8264D369-07CF-463C-A591-2D6360DDD3F1}.Release|Any CPU.ActiveCfg = Release|Any CPU
		{8264D369-07CF-463C-A591-2D6360DDD3F1}.Release|Any CPU.Build.0 = Release|Any CPU
	EndGlobalSection
	GlobalSection(SolutionProperties) = preSolution
		HideSolutionNode = FALSE
	EndGlobalSection
	GlobalSection(ExtensibilityGlobals) = postSolution
		SolutionGuid = {5ECAAF23-7DBB-486F-B7A9-84CDEDE7011B}
	EndGlobalSection
EndGlobal
