
Microsoft Visual Studio Solution File, Format Version 12.00
# Visual Studio 15
VisualStudioVersion = 15.0.27004.2002
MinimumVisualStudioVersion = 10.0.40219.1
Project("{FAE04EC0-301F-11D3-BF4B-00C04F79EFBC}") = "07.Max Sequence of Increasing Elements", "07.Max Sequence of Increasing Elements\07.Max Sequence of Increasing Elements.csproj", "{7F72D063-9AB5-404D-9BF3-24330E0C602D}"
EndProject
Global
	GlobalSection(SolutionConfigurationPlatforms) = preSolution
		Debug|Any CPU = Debug|Any CPU
		Release|Any CPU = Release|Any CPU
	EndGlobalSection
	GlobalSection(ProjectConfigurationPlatforms) = postSolution
		{7F72D063-9AB5-404D-9BF3-24330E0C602D}.Debug|Any CPU.ActiveCfg = Debug|Any CPU
		{7F72D063-9AB5-404D-9BF3-24330E0C602D}.Debug|Any CPU.Build.0 = Debug|Any CPU
		{7F72D063-9AB5-404D-9BF3-24330E0C602D}.Release|Any CPU.ActiveCfg = Release|Any CPU
		{7F72D063-9AB5-404D-9BF3-24330E0C602D}.Release|Any CPU.Build.0 = Release|Any CPU
	EndGlobalSection
	GlobalSection(SolutionProperties) = preSolution
		HideSolutionNode = FALSE
	EndGlobalSection
	GlobalSection(ExtensibilityGlobals) = postSolution
		SolutionGuid = {65E36CFE-48AA-4006-A031-BFF88041305B}
	EndGlobalSection
EndGlobal
